
Microsoft Visual Studio Solution File, Format Version 12.00
# Visual Studio Version 16
VisualStudioVersion = 16.0.34031.81
MinimumVisualStudioVersion = 10.0.40219.1
Project("{2150E333-8FDC-42A3-9474-1A3956D46DE8}") = "Task0(v5)", "Task0(v5)", "{F45BC751-91F3-448D-9B85-B1AD0581974C}"
EndProject
Project("{FAE04EC0-301F-11D3-BF4B-00C04F79EFBC}") = "Tyuiu.KubrikND.Sprint5.Task0.V5", "Tyuiu.KubrikND.Sprint5.Task0.V5\Tyuiu.KubrikND.Sprint5.Task0.V5.csproj", "{5E0CDC39-691D-481A-A9EE-AF51B6F44C69}"
EndProject
Project("{FAE04EC0-301F-11D3-BF4B-00C04F79EFBC}") = "Tyuiu.KubrikND.Sprint5.Task0.V5.Test", "Tyuiu.KubrikND.Sprint5.Task0.V5.Test\Tyuiu.KubrikND.Sprint5.Task0.V5.Test.csproj", "{B9869E5F-D798-4E53-BDF6-5A25153C087B}"
EndProject
Project("{FAE04EC0-301F-11D3-BF4B-00C04F79EFBC}") = "Tyuiu.KubrikND.Sprint5.Task0.V5.Lib", "Tyuiu.KubrikND.Sprint5.Task0.V5.Lib\Tyuiu.KubrikND.Sprint5.Task0.V5.Lib.csproj", "{6B593566-E5DC-438E-8213-D4FD0D476A3F}"
EndProject
Project("{2150E333-8FDC-42A3-9474-1A3956D46DE8}") = "Task1(v24)", "Task1(v24)", "{DBCCDCE5-43C3-4B75-925E-0B758EEF0B82}"
EndProject
Project("{FAE04EC0-301F-11D3-BF4B-00C04F79EFBC}") = "Tyuiu.KubrikND.Sprint5.Task1.V24", "Tyuiu.KubrikND.Sprint5.Task1.V24\Tyuiu.KubrikND.Sprint5.Task1.V24.csproj", "{11E43D80-DF96-4B97-979E-67CFBE324839}"
EndProject
Project("{FAE04EC0-301F-11D3-BF4B-00C04F79EFBC}") = "Tyuiu.KubrikND.Sprint5.Task1.V24.Lib", "Tyuiu.KubrikND.Sprint5.Task1.V24.Lib\Tyuiu.KubrikND.Sprint5.Task1.V24.Lib.csproj", "{61AE4DA0-50D3-4E06-86BF-3185C87C16A5}"
EndProject
Project("{FAE04EC0-301F-11D3-BF4B-00C04F79EFBC}") = "Tyuiu.KubrikND.Sprint5.Task1.V24.Test", "Tyuiu.KubrikND.Sprint5.Task1.V24.Test\Tyuiu.KubrikND.Sprint5.Task1.V24.Test.csproj", "{016DA09B-F1F9-47C3-820B-E37711FB9F18}"
EndProject
Project("{2150E333-8FDC-42A3-9474-1A3956D46DE8}") = "Task2(v20)", "Task2(v20)", "{B2802D33-C592-4A6C-8F5C-EF36C8A64358}"
EndProject
Project("{FAE04EC0-301F-11D3-BF4B-00C04F79EFBC}") = "Tyuiu.KubrikND.Sprint5.Task2.V20", "Tyuiu.KubrikND.Sprint5.Task2.V20\Tyuiu.KubrikND.Sprint5.Task2.V20.csproj", "{68E287F9-AF61-41E0-96BB-04399006E35E}"
EndProject
Project("{FAE04EC0-301F-11D3-BF4B-00C04F79EFBC}") = "Tyuiu.KubrikND.Sprint5.Task2.V20.Test", "Tyuiu.KubrikND.Sprint5.Task2.V20.Test\Tyuiu.KubrikND.Sprint5.Task2.V20.Test.csproj", "{FFB20B0D-6EC5-4447-A65D-DC8AC6AD61BE}"
EndProject
Project("{FAE04EC0-301F-11D3-BF4B-00C04F79EFBC}") = "Tyuiu.KubrikND.Sprint5.Task2.V20.Lib", "Tyuiu.KubrikND.Sprint5.Task2.V20.Lib\Tyuiu.KubrikND.Sprint5.Task2.V20.Lib.csproj", "{4D076C03-0FDD-45F7-B3FA-17B07FA8B1CE}"
EndProject
Project("{2150E333-8FDC-42A3-9474-1A3956D46DE8}") = "Task3(v22)", "Task3(v22)", "{75C179AA-F19B-4061-8756-0B3B9A675D85}"
EndProject
Project("{FAE04EC0-301F-11D3-BF4B-00C04F79EFBC}") = "Tyuiu.KubrikND.Sprint5.Task3.V22", "Tyuiu.KubrikND.Sprint5.Task3.V22\Tyuiu.KubrikND.Sprint5.Task3.V22.csproj", "{DFCE3B9E-D081-412E-BB7E-5165CD2CD4A1}"
EndProject
Project("{FAE04EC0-301F-11D3-BF4B-00C04F79EFBC}") = "Tyuiu.KubrikND.Sprint5.Task3.V22.Lib", "Tyuiu.KubrikND.Sprint5.Task3.V22.Lib\Tyuiu.KubrikND.Sprint5.Task3.V22.Lib.csproj", "{8D69FD42-FDFA-4491-BF03-F6637489C27B}"
EndProject
Project("{FAE04EC0-301F-11D3-BF4B-00C04F79EFBC}") = "Tyuiu.KubrikND.Sprint5.Task3.V22.Test", "Tyuiu.KubrikND.Sprint5.Task3.V22.Test\Tyuiu.KubrikND.Sprint5.Task3.V22.Test.csproj", "{A0807E7C-24F1-4D39-A5B1-1E770DB91701}"
EndProject
Global
	GlobalSection(SolutionConfigurationPlatforms) = preSolution
		Debug|Any CPU = Debug|Any CPU
		Release|Any CPU = Release|Any CPU
	EndGlobalSection
	GlobalSection(ProjectConfigurationPlatforms) = postSolution
		{5E0CDC39-691D-481A-A9EE-AF51B6F44C69}.Debug|Any CPU.ActiveCfg = Debug|Any CPU
		{5E0CDC39-691D-481A-A9EE-AF51B6F44C69}.Debug|Any CPU.Build.0 = Debug|Any CPU
		{5E0CDC39-691D-481A-A9EE-AF51B6F44C69}.Release|Any CPU.ActiveCfg = Release|Any CPU
		{5E0CDC39-691D-481A-A9EE-AF51B6F44C69}.Release|Any CPU.Build.0 = Release|Any CPU
		{B9869E5F-D798-4E53-BDF6-5A25153C087B}.Debug|Any CPU.ActiveCfg = Debug|Any CPU
		{B9869E5F-D798-4E53-BDF6-5A25153C087B}.Debug|Any CPU.Build.0 = Debug|Any CPU
		{B9869E5F-D798-4E53-BDF6-5A25153C087B}.Release|Any CPU.ActiveCfg = Release|Any CPU
		{B9869E5F-D798-4E53-BDF6-5A25153C087B}.Release|Any CPU.Build.0 = Release|Any CPU
		{6B593566-E5DC-438E-8213-D4FD0D476A3F}.Debug|Any CPU.ActiveCfg = Debug|Any CPU
		{6B593566-E5DC-438E-8213-D4FD0D476A3F}.Debug|Any CPU.Build.0 = Debug|Any CPU
		{6B593566-E5DC-438E-8213-D4FD0D476A3F}.Release|Any CPU.ActiveCfg = Release|Any CPU
		{6B593566-E5DC-438E-8213-D4FD0D476A3F}.Release|Any CPU.Build.0 = Release|Any CPU
		{11E43D80-DF96-4B97-979E-67CFBE324839}.Debug|Any CPU.ActiveCfg = Debug|Any CPU
		{11E43D80-DF96-4B97-979E-67CFBE324839}.Debug|Any CPU.Build.0 = Debug|Any CPU
		{11E43D80-DF96-4B97-979E-67CFBE324839}.Release|Any CPU.ActiveCfg = Release|Any CPU
		{11E43D80-DF96-4B97-979E-67CFBE324839}.Release|Any CPU.Build.0 = Release|Any CPU
		{61AE4DA0-50D3-4E06-86BF-3185C87C16A5}.Debug|Any CPU.ActiveCfg = Debug|Any CPU
		{61AE4DA0-50D3-4E06-86BF-3185C87C16A5}.Debug|Any CPU.Build.0 = Debug|Any CPU
		{61AE4DA0-50D3-4E06-86BF-3185C87C16A5}.Release|Any CPU.ActiveCfg = Release|Any CPU
		{61AE4DA0-50D3-4E06-86BF-3185C87C16A5}.Release|Any CPU.Build.0 = Release|Any CPU
		{016DA09B-F1F9-47C3-820B-E37711FB9F18}.Debug|Any CPU.ActiveCfg = Debug|Any CPU
		{016DA09B-F1F9-47C3-820B-E37711FB9F18}.Debug|Any CPU.Build.0 = Debug|Any CPU
		{016DA09B-F1F9-47C3-820B-E37711FB9F18}.Release|Any CPU.ActiveCfg = Release|Any CPU
		{016DA09B-F1F9-47C3-820B-E37711FB9F18}.Release|Any CPU.Build.0 = Release|Any CPU
		{68E287F9-AF61-41E0-96BB-04399006E35E}.Debug|Any CPU.ActiveCfg = Debug|Any CPU
		{68E287F9-AF61-41E0-96BB-04399006E35E}.Debug|Any CPU.Build.0 = Debug|Any CPU
		{68E287F9-AF61-41E0-96BB-04399006E35E}.Release|Any CPU.ActiveCfg = Release|Any CPU
		{68E287F9-AF61-41E0-96BB-04399006E35E}.Release|Any CPU.Build.0 = Release|Any CPU
		{FFB20B0D-6EC5-4447-A65D-DC8AC6AD61BE}.Debug|Any CPU.ActiveCfg = Debug|Any CPU
		{FFB20B0D-6EC5-4447-A65D-DC8AC6AD61BE}.Debug|Any CPU.Build.0 = Debug|Any CPU
		{FFB20B0D-6EC5-4447-A65D-DC8AC6AD61BE}.Release|Any CPU.ActiveCfg = Release|Any CPU
		{FFB20B0D-6EC5-4447-A65D-DC8AC6AD61BE}.Release|Any CPU.Build.0 = Release|Any CPU
		{4D076C03-0FDD-45F7-B3FA-17B07FA8B1CE}.Debug|Any CPU.ActiveCfg = Debug|Any CPU
		{4D076C03-0FDD-45F7-B3FA-17B07FA8B1CE}.Debug|Any CPU.Build.0 = Debug|Any CPU
		{4D076C03-0FDD-45F7-B3FA-17B07FA8B1CE}.Release|Any CPU.ActiveCfg = Release|Any CPU
		{4D076C03-0FDD-45F7-B3FA-17B07FA8B1CE}.Release|Any CPU.Build.0 = Release|Any CPU
		{DFCE3B9E-D081-412E-BB7E-5165CD2CD4A1}.Debug|Any CPU.ActiveCfg = Debug|Any CPU
		{DFCE3B9E-D081-412E-BB7E-5165CD2CD4A1}.Debug|Any CPU.Build.0 = Debug|Any CPU
		{DFCE3B9E-D081-412E-BB7E-5165CD2CD4A1}.Release|Any CPU.ActiveCfg = Release|Any CPU
		{DFCE3B9E-D081-412E-BB7E-5165CD2CD4A1}.Release|Any CPU.Build.0 = Release|Any CPU
		{8D69FD42-FDFA-4491-BF03-F6637489C27B}.Debug|Any CPU.ActiveCfg = Debug|Any CPU
		{8D69FD42-FDFA-4491-BF03-F6637489C27B}.Debug|Any CPU.Build.0 = Debug|Any CPU
		{8D69FD42-FDFA-4491-BF03-F6637489C27B}.Release|Any CPU.ActiveCfg = Release|Any CPU
		{8D69FD42-FDFA-4491-BF03-F6637489C27B}.Release|Any CPU.Build.0 = Release|Any CPU
		{A0807E7C-24F1-4D39-A5B1-1E770DB91701}.Debug|Any CPU.ActiveCfg = Debug|Any CPU
		{A0807E7C-24F1-4D39-A5B1-1E770DB91701}.Debug|Any CPU.Build.0 = Debug|Any CPU
		{A0807E7C-24F1-4D39-A5B1-1E770DB91701}.Release|Any CPU.ActiveCfg = Release|Any CPU
		{A0807E7C-24F1-4D39-A5B1-1E770DB91701}.Release|Any CPU.Build.0 = Release|Any CPU
	EndGlobalSection
	GlobalSection(SolutionProperties) = preSolution
		HideSolutionNode = FALSE
	EndGlobalSection
	GlobalSection(NestedProjects) = preSolution
		{5E0CDC39-691D-481A-A9EE-AF51B6F44C69} = {F45BC751-91F3-448D-9B85-B1AD0581974C}
		{B9869E5F-D798-4E53-BDF6-5A25153C087B} = {F45BC751-91F3-448D-9B85-B1AD0581974C}
		{6B593566-E5DC-438E-8213-D4FD0D476A3F} = {F45BC751-91F3-448D-9B85-B1AD0581974C}
		{11E43D80-DF96-4B97-979E-67CFBE324839} = {DBCCDCE5-43C3-4B75-925E-0B758EEF0B82}
		{61AE4DA0-50D3-4E06-86BF-3185C87C16A5} = {DBCCDCE5-43C3-4B75-925E-0B758EEF0B82}
		{016DA09B-F1F9-47C3-820B-E37711FB9F18} = {DBCCDCE5-43C3-4B75-925E-0B758EEF0B82}
		{68E287F9-AF61-41E0-96BB-04399006E35E} = {B2802D33-C592-4A6C-8F5C-EF36C8A64358}
		{FFB20B0D-6EC5-4447-A65D-DC8AC6AD61BE} = {B2802D33-C592-4A6C-8F5C-EF36C8A64358}
		{4D076C03-0FDD-45F7-B3FA-17B07FA8B1CE} = {B2802D33-C592-4A6C-8F5C-EF36C8A64358}
		{DFCE3B9E-D081-412E-BB7E-5165CD2CD4A1} = {75C179AA-F19B-4061-8756-0B3B9A675D85}
		{8D69FD42-FDFA-4491-BF03-F6637489C27B} = {75C179AA-F19B-4061-8756-0B3B9A675D85}
		{A0807E7C-24F1-4D39-A5B1-1E770DB91701} = {75C179AA-F19B-4061-8756-0B3B9A675D85}
	EndGlobalSection
	GlobalSection(ExtensibilityGlobals) = postSolution
		SolutionGuid = {963D65C9-F670-4E74-B1AB-58FC12D0E7A5}
	EndGlobalSection
EndGlobal
